schema: '2.0'
stages:
  load_data:
    cmd: python src/stage_01_load_save.py --config=config/config.yaml
    deps:
    - path: config/config.yaml
      md5: ca71b8d937f1dae04083f5bbde30a282
      size: 503
    - path: src/stage_01_load_save.py
      md5: a8111d593c73ff805a3b31c6fafe1e51
      size: 1104
    - path: src/utils/all_utils.py
      md5: 910130e8d324f2870ba24690d001770b
      size: 718
    outs:
    - path: artifacts/raw_local_dir/data.csv
      md5: 7d814a1bda02145efe703f4e1c01847a
      size: 93599
  split_data:
    cmd: python src/stage_02_split_data.py --config=config/config.yaml --params=params.yaml
    deps:
    - path: artifacts/raw_local_dir/data.csv
      md5: 7d814a1bda02145efe703f4e1c01847a
      size: 93599
    - path: config/config.yaml
      md5: ca71b8d937f1dae04083f5bbde30a282
      size: 503
    - path: src/stage_02_split_data.py
      md5: ca38b1729812d1affe2fa36e84e971af
      size: 1712
    - path: src/utils/all_utils.py
      md5: 910130e8d324f2870ba24690d001770b
      size: 718
    params:
      params.yaml:
        base.random_state: 42
        base.test_size: 0.3
    outs:
    - path: artifacts/split_data_dir/test.csv
      md5: 3a3eef9f920deae72cb9bcd7b91231f1
      size: 28169
    - path: artifacts/split_data_dir/train.csv
      md5: 5e5a3523f0fba3925dc577c3baf2c5cd
      size: 65577
  train:
    cmd: python src/stage_03_train.py --config=config/config.yaml --params=params.yaml
    deps:
    - path: artifacts/split_data_dir/train.csv
      md5: 5e5a3523f0fba3925dc577c3baf2c5cd
      size: 65577
    - path: config/config.yaml
      md5: ca71b8d937f1dae04083f5bbde30a282
      size: 503
    - path: src/stage_03_train.py
      md5: dea4c6f5160abae59c1ce70860fec714
      size: 1903
    - path: src/utils/all_utils.py
      md5: 910130e8d324f2870ba24690d001770b
      size: 718
    params:
      params.yaml:
        base.random_state: 42
        model_params.ElasticNet.alpha: 0.1
        model_params.ElasticNet.l1_ratio: 0.4
    outs:
    - path: artifacts/model_dir/ElasticNet.model
      md5: 05360a321ebf233a27def51752f8e850
      size: 1316
    - path: report/params.json
      md5: 02ce5750a7601096e8dfc8c86888b114
      size: 69
  evaluate:
    cmd: python src/stage_04_evaluate.py --config=config/config.yaml --params=params.yaml
    deps:
    - path: artifacts/model_dir/ElasticNet.model
      md5: 05360a321ebf233a27def51752f8e850
      size: 1316
    - path: artifacts/split_data_dir/test.csv
      md5: 3a3eef9f920deae72cb9bcd7b91231f1
      size: 28169
    - path: config/config.yaml
      md5: ca71b8d937f1dae04083f5bbde30a282
      size: 503
    - path: src/stage_04_evaluate.py
      md5: 6051247053750b403731ab2f5698c1d0
      size: 2375
    - path: src/utils/all_utils.py
      md5: 910130e8d324f2870ba24690d001770b
      size: 718
    outs:
    - path: artifacts/reports_dir/scores.json
      md5: f9cdb163cc5ab297d26b7e7258c98683
      size: 100
    - path: report/scores.json
      md5: f9cdb163cc5ab297d26b7e7258c98683
      size: 100
